# THIS IS AN AUTOGENERATED FILE. DO NOT EDIT THIS FILE DIRECTLY.
# yarn lockfile v1


"@aragon/connect-core@*":
  version "0.4.2"
  resolved "https://registry.yarnpkg.com/@aragon/connect-core/-/connect-core-0.4.2.tgz#e73cbee942e83e46045142b002f33e10abf63ecc"
  integrity sha512-zPP8jhRS46fMZjjzIQ9zXv7Q2N/w7m97rRwNndduWyycaxu74eTIHNkJH9d5KZCWS1gfEl3rNOmDvK48Npn4xQ==
  dependencies:
    ethers "^5.0.0"
    radspec "^2.0.0-rc.1"

"@aragon/connect-ethereum@*":
  version "0.4.2"
  resolved "https://registry.yarnpkg.com/@aragon/connect-ethereum/-/connect-ethereum-0.4.2.tgz#a51a59f0451dd2dbeda73be840232d1e415875f1"
  integrity sha512-7DYbLCxB9t9d0gKmNvcgosIQeE4v1UG/l3lOZs6hRcLH0iqWMDQnPKNYNpJhcGCyz0etd412uJVwhwdFF6z5gg==
  dependencies:
    "@aragon/connect-core" "*"

"@aragon/connect-thegraph@*":
  version "0.4.2"
  resolved "https://registry.yarnpkg.com/@aragon/connect-thegraph/-/connect-thegraph-0.4.2.tgz#b45ffb5886cdd750b2b19e228f15de379992cd2d"
  integrity sha512-dS065PR5h+yLpQNZZa/EClANbdBaVYyz7JShbDkyNpfX+qePa4ofBiATxGGQMLWkp3MmRMfZtqJK/YPE8dMT8Q==
  dependencies:
    "@aragon/connect-core" "*"
    "@urql/core" "^1.11.7"
    graphql "^15.0.0"
    graphql-tag "^2.10.3"
    isomorphic-unfetch "^3.0.0"
    isomorphic-ws "^4.0.1"
    subscriptions-transport-ws "^0.9.16"

"@aragon/connect@^0.4.2":
  version "0.4.2"
  resolved "https://registry.yarnpkg.com/@aragon/connect/-/connect-0.4.2.tgz#535157c6a11f687d225be99f706b0173eb98616a"
  integrity sha512-P9ssNVPQEx9RLrbzYNJjV7eLwARNxFzuUcw7ccTXA08St2rdcSi4EcOhNFvY5yIrO3m/pj673hHcQEVb+48xQQ==
  dependencies:
    "@aragon/connect-core" "*"
    "@aragon/connect-ethereum" "*"
    "@aragon/connect-thegraph" "*"

"@babel/runtime@^7.1.2":
  version "7.10.5"
  resolved "https://registry.yarnpkg.com/@babel/runtime/-/runtime-7.10.5.tgz#303d8bd440ecd5a491eae6117fd3367698674c5c"
  integrity sha512-otddXKhdNn7d0ptoFRHtMLa8LqDxLYwTjB4nYgM1yy5N6gU/MUf8zqyyLltCH3yAVitBzmwK4us+DD0l/MauAg==
  dependencies:
    regenerator-runtime "^0.13.4"

"@ethersproject/abi@^5.0.0":
  version "5.0.1"
  resolved "https://registry.yarnpkg.com/@ethersproject/abi/-/abi-5.0.1.tgz#b6ba2bfb4278fbd6328b608e09741c2475ddad9c"
  integrity sha512-9fqSa3jEYV4nN8tijW+jz4UnT/Ma9/b8y4+nHlsvuWqr32E2kYsT9SCIVpk/51iM6NOud7xsA6UxCox9zBeHKg==
  dependencies:
    "@ethersproject/address" "^5.0.0"
    "@ethersproject/bignumber" "^5.0.0"
    "@ethersproject/bytes" "^5.0.0"
    "@ethersproject/constants" "^5.0.0"
    "@ethersproject/hash" "^5.0.0"
    "@ethersproject/keccak256" "^5.0.0"
    "@ethersproject/logger" "^5.0.0"
    "@ethersproject/properties" "^5.0.0"
    "@ethersproject/strings" "^5.0.0"

"@ethersproject/abstract-provider@^5.0.0":
  version "5.0.1"
  resolved "https://registry.yarnpkg.com/@ethersproject/abstract-provider/-/abstract-provider-5.0.1.tgz#7d4828a3b4690f95f4462abedcba7aeb118dadd5"
  integrity sha512-/KOw65ayviYPtKLqFE1qozeIJJlfI1wE/tNA+iKUPUai6bU6vg2tbfLFGarRTCQe3HoWV1t7xSsD/z9T9xg74g==
  dependencies:
    "@ethersproject/bignumber" "^5.0.0"
    "@ethersproject/bytes" "^5.0.0"
    "@ethersproject/logger" "^5.0.0"
    "@ethersproject/networks" "^5.0.0"
    "@ethersproject/properties" "^5.0.0"
    "@ethersproject/transactions" "^5.0.0"
    "@ethersproject/web" "^5.0.0"

"@ethersproject/abstract-signer@^5.0.0":
  version "5.0.1"
  resolved "https://registry.yarnpkg.com/@ethersproject/abstract-signer/-/abstract-signer-5.0.1.tgz#92149e771366467e86cc44dd0c49d28f93eaa852"
  integrity sha512-Rp8DP+cLcSNFkd1YhwPSBcgEWLRipNakitwIwHngAmhbo4zdiWgALD/OLqdQ7SKF75CufF1W4BCuXcQgiWaRow==
  dependencies:
    "@ethersproject/abstract-provider" "^5.0.0"
    "@ethersproject/bignumber" "^5.0.0"
    "@ethersproject/bytes" "^5.0.0"
    "@ethersproject/logger" "^5.0.0"
    "@ethersproject/properties" "^5.0.0"

"@ethersproject/address@^5.0.0":
  version "5.0.1"
  resolved "https://registry.yarnpkg.com/@ethersproject/address/-/address-5.0.1.tgz#882424fbbec1111abc1aa3482e647a72683c5377"
  integrity sha512-kfQtXpBP2pI2TfoRRAYv8grHGiYw8U0c1KbMsC58/W33TIBy7gFSf/oAzOd94lNzdIUenKU0OuSzrHQfVcDDDA==
  dependencies:
    "@ethersproject/bignumber" "^5.0.0"
    "@ethersproject/bytes" "^5.0.0"
    "@ethersproject/keccak256" "^5.0.0"
    "@ethersproject/logger" "^5.0.0"
    "@ethersproject/rlp" "^5.0.0"
    bn.js "^4.4.0"

"@ethersproject/base64@^5.0.0":
  version "5.0.1"
  resolved "https://registry.yarnpkg.com/@ethersproject/base64/-/base64-5.0.1.tgz#9f067855f59db94edebb6cd80fbe79033406b317"
  integrity sha512-WZDa+TYl6BQfUm9EQIDDfJFL0GiuYXNZPIWoiZx3uds7P1XMsvcW3k71AyjYUxIkU5AKW7awwPbzCbBeP1uXsA==
  dependencies:
    "@ethersproject/bytes" "^5.0.0"

"@ethersproject/basex@^5.0.0":
  version "5.0.1"
  resolved "https://registry.yarnpkg.com/@ethersproject/basex/-/basex-5.0.1.tgz#226ae11bb5c6453398cece08b9548a5f896e24e5"
  integrity sha512-ssL2+p/A5bZgkZkiWy0iQDVz2mVJxZfzpf7dpw8t0sKF9VpoM3ZiMthRapH/QBhd4Rr6TNbr619pFLAGmMi9Ug==
  dependencies:
    "@ethersproject/bytes" "^5.0.0"
    "@ethersproject/properties" "^5.0.0"

"@ethersproject/bignumber@^5.0.0":
  version "5.0.4"
  resolved "https://registry.yarnpkg.com/@ethersproject/bignumber/-/bignumber-5.0.4.tgz#2061a85cfe07d496a005047442fcb3277d371169"
  integrity sha512-fgfwehdxS4BPRvq2B+joKqchW2E2cV3DE+O/DhG7jH3m2blM1VIzjtIOtJNjNI/YCgkygGjT1DaZS1j29RAwHw==
  dependencies:
    "@ethersproject/bytes" "^5.0.0"
    "@ethersproject/logger" "^5.0.0"
    "@ethersproject/properties" "^5.0.0"
    bn.js "^4.4.0"

"@ethersproject/bytes@^5.0.0":
  version "5.0.2"
  resolved "https://registry.yarnpkg.com/@ethersproject/bytes/-/bytes-5.0.2.tgz#42aa6e6fca4c594b282ef424dd082b8ffd67058b"
  integrity sha512-QLE5zCreNv7KGh0AsXdvmdOYcWSJbnR654M+dLyY90g3D0ehVDSf+wxzG/GmWa79ESsqo/cWC1kJA1Vrcq7GFw==
  dependencies:
    "@ethersproject/logger" "^5.0.0"

"@ethersproject/constants@^5.0.0":
  version "5.0.1"
  resolved "https://registry.yarnpkg.com/@ethersproject/constants/-/constants-5.0.1.tgz#51426b1d673661e905418ddeefca1f634866860d"
  integrity sha512-Xec07hFCPN4wfC3WDiRay7KipkApl2msiKTrBHCuAwNMOM8M92+mlQp8tgfEL51DPwCZkmdk1f02kArc6caVSw==
  dependencies:
    "@ethersproject/bignumber" "^5.0.0"

"@ethersproject/contracts@^5.0.0":
  version "5.0.1"
  resolved "https://registry.yarnpkg.com/@ethersproject/contracts/-/contracts-5.0.1.tgz#b11ad52f98f807e13a4bf0a89e45a2c56db19df3"
  integrity sha512-1uPajmkvw3Oy/dxs5TKUsGaXzQ3s5qiXKSVpw9ZrhGG6fMRO3gNyUA+uSWk9IXK0ulj5P95F7vW8HmYOkzep/Q==
  dependencies:
    "@ethersproject/abi" "^5.0.0"
    "@ethersproject/abstract-provider" "^5.0.0"
    "@ethersproject/abstract-signer" "^5.0.0"
    "@ethersproject/address" "^5.0.0"
    "@ethersproject/bignumber" "^5.0.0"
    "@ethersproject/bytes" "^5.0.0"
    "@ethersproject/constants" "^5.0.0"
    "@ethersproject/logger" "^5.0.0"
    "@ethersproject/properties" "^5.0.0"

"@ethersproject/hash@^5.0.0":
  version "5.0.1"
  resolved "https://registry.yarnpkg.com/@ethersproject/hash/-/hash-5.0.1.tgz#8190240d250b9442dd25f1e8ec2d66e7d0d38237"
  integrity sha512-1ByUXYvkszrSSks07xctBtZfpFnIVmftxWlAAnguxh6Q65vKECd/EPi5uI5xVOvnrYMH9Vb8MK1SofPX/6fArQ==
  dependencies:
    "@ethersproject/bytes" "^5.0.0"
    "@ethersproject/keccak256" "^5.0.0"
    "@ethersproject/logger" "^5.0.0"
    "@ethersproject/strings" "^5.0.0"

"@ethersproject/hdnode@^5.0.0":
  version "5.0.1"
  resolved "https://registry.yarnpkg.com/@ethersproject/hdnode/-/hdnode-5.0.1.tgz#28c621c6fdb1a744c870212405e87c64e714e05f"
  integrity sha512-L2OZP4SKKxNtHUdwfK8cND09kHRH62ncxXW33WAJU9shKo8Sbz31HVqSdov84bMAGm8QfEKZbfbAJV/7DM6DjQ==
  dependencies:
    "@ethersproject/abstract-signer" "^5.0.0"
    "@ethersproject/basex" "^5.0.0"
    "@ethersproject/bignumber" "^5.0.0"
    "@ethersproject/bytes" "^5.0.0"
    "@ethersproject/logger" "^5.0.0"
    "@ethersproject/pbkdf2" "^5.0.0"
    "@ethersproject/properties" "^5.0.0"
    "@ethersproject/sha2" "^5.0.0"
    "@ethersproject/signing-key" "^5.0.0"
    "@ethersproject/strings" "^5.0.0"
    "@ethersproject/transactions" "^5.0.0"
    "@ethersproject/wordlists" "^5.0.0"

"@ethersproject/json-wallets@^5.0.0":
  version "5.0.1"
  resolved "https://registry.yarnpkg.com/@ethersproject/json-wallets/-/json-wallets-5.0.1.tgz#a04a728cbf1974fc0a618794ef348335d4522848"
  integrity sha512-QjqQCh1a0a6wRVHdnqVccCLWX0vAgxnvGZeGqpOk2NbyNE8HTzV7GpOE+4LU+iCc8oonfy1gYd4hpsf+iEUWGg==
  dependencies:
    "@ethersproject/abstract-signer" "^5.0.0"
    "@ethersproject/address" "^5.0.0"
    "@ethersproject/bytes" "^5.0.0"
    "@ethersproject/hdnode" "^5.0.0"
    "@ethersproject/keccak256" "^5.0.0"
    "@ethersproject/logger" "^5.0.0"
    "@ethersproject/pbkdf2" "^5.0.0"
    "@ethersproject/properties" "^5.0.0"
    "@ethersproject/random" "^5.0.0"
    "@ethersproject/strings" "^5.0.0"
    "@ethersproject/transactions" "^5.0.0"
    aes-js "3.0.0"
    scrypt-js "3.0.1"
    uuid "2.0.1"

"@ethersproject/keccak256@^5.0.0":
  version "5.0.1"
  resolved "https://registry.yarnpkg.com/@ethersproject/keccak256/-/keccak256-5.0.1.tgz#be91c11a8bdf4e94c8b900502d2a46b223fbdeb3"
  integrity sha512-AtFm/4qHRQUvZcG3WYmaT7zV79dz72+N01w0XphcIBaD/7UZXyW85Uf08sirVlckHmh9fvc4UDWyHiroKsBT6Q==
  dependencies:
    "@ethersproject/bytes" "^5.0.0"
    js-sha3 "0.5.7"

"@ethersproject/logger@^5.0.0":
  version "5.0.2"
  resolved "https://registry.yarnpkg.com/@ethersproject/logger/-/logger-5.0.2.tgz#f24aa14a738a428d711c1828b44d50114a461b8b"
  integrity sha512-NQe3O1/Nwkcp6bto6hsTvrcCeR/cOGK+RhOMn0Zi2FND6gdWsf1g+5ie8gQ1REqDX4MTGP/Y131dZas985ls/g==

"@ethersproject/networks@^5.0.0":
  version "5.0.1"
  resolved "https://registry.yarnpkg.com/@ethersproject/networks/-/networks-5.0.1.tgz#c06ac151d0dfec421c1cb98a9153c109b3117111"
  integrity sha512-Pe34JCTC6Apm/DkK3z97xotvEyu9YHKIFlDIu5hGV6yFDb4/sUfY2SHKYSGdUrV0418ZZVrwYDveJtBFMmYu2Q==
  dependencies:
    "@ethersproject/logger" "^5.0.0"

"@ethersproject/pbkdf2@^5.0.0":
  version "5.0.1"
  resolved "https://registry.yarnpkg.com/@ethersproject/pbkdf2/-/pbkdf2-5.0.1.tgz#86d4340f88ebb97254c7e0d26830c24fb45b1642"
  integrity sha512-4wc8Aov0iJmiomu6Dv1JNGOlhm3L7omITjLmChz/vgeDnW4Unv4J/nGybCeWKgY4hnjyQMVXkdkQ15BCRbkaYg==
  dependencies:
    "@ethersproject/bytes" "^5.0.0"
    "@ethersproject/sha2" "^5.0.0"

"@ethersproject/properties@^5.0.0":
  version "5.0.1"
  resolved "https://registry.yarnpkg.com/@ethersproject/properties/-/properties-5.0.1.tgz#e1fecbfcb24f23bf3b64a2ac74f2751113d116e0"
  integrity sha512-b3VZ/NpYIf64/hFXeWNxVCbY1xoMPIYM3n6Qnu6Ayr3bLt1olFPQfAaaRB0aOsLz7tMtmkT3DrA1KG/IrOgBRw==
  dependencies:
    "@ethersproject/logger" "^5.0.0"

"@ethersproject/providers@^5.0.0":
  version "5.0.4"
  resolved "https://registry.yarnpkg.com/@ethersproject/providers/-/providers-5.0.4.tgz#18f3857651fc479f0606815db07335f311bcabbf"
  integrity sha512-bnju7KB3v+NDcbHYxbZJawb20WRh/FLhop/XvHBmGUAbYSCV+cRftRvvgsdeyJOApjsCioMtmIe5iYkRxDx/DA==
  dependencies:
    "@ethersproject/abstract-provider" "^5.0.0"
    "@ethersproject/abstract-signer" "^5.0.0"
    "@ethersproject/address" "^5.0.0"
    "@ethersproject/bignumber" "^5.0.0"
    "@ethersproject/bytes" "^5.0.0"
    "@ethersproject/constants" "^5.0.0"
    "@ethersproject/hash" "^5.0.0"
    "@ethersproject/logger" "^5.0.0"
    "@ethersproject/networks" "^5.0.0"
    "@ethersproject/properties" "^5.0.0"
    "@ethersproject/random" "^5.0.0"
    "@ethersproject/rlp" "^5.0.0"
    "@ethersproject/strings" "^5.0.0"
    "@ethersproject/transactions" "^5.0.0"
    "@ethersproject/web" "^5.0.0"
    ws "7.2.3"

"@ethersproject/random@^5.0.0":
  version "5.0.1"
  resolved "https://registry.yarnpkg.com/@ethersproject/random/-/random-5.0.1.tgz#cc5433c54e26faddf7c036e07a4f125d64503edb"
  integrity sha512-nYzNhcp5Th4dCocV3yceZmh80bRmSQxqNRgND7Y/YgEgYJSSnknScpfRHACG//kgbsY8zui8ajXJeEnzS7yFbQ==
  dependencies:
    "@ethersproject/bytes" "^5.0.0"
    "@ethersproject/logger" "^5.0.0"

"@ethersproject/rlp@^5.0.0":
  version "5.0.1"
  resolved "https://registry.yarnpkg.com/@ethersproject/rlp/-/rlp-5.0.1.tgz#3407b0cb78f82a1a219aecff57578c0558ae26c8"
  integrity sha512-3F8XE1zS4w8w4xiK1hMtFuVs6UnhQlmrEHLT85GanqK8vG5wGi81IQmkukL9tQIu2a5jykoO46ibja+6N1fpFg==
  dependencies:
    "@ethersproject/bytes" "^5.0.0"
    "@ethersproject/logger" "^5.0.0"

"@ethersproject/sha2@^5.0.0":
  version "5.0.1"
  resolved "https://registry.yarnpkg.com/@ethersproject/sha2/-/sha2-5.0.1.tgz#46b1b06cfd7d557ae4deab4cc85773f7512c4022"
  integrity sha512-5wNdULNDMJKwyzqrTH66e2TZPZTSqqluS7RNtuuuQSTP+yIALoID7ewLjDoj31g4kZyq/pqQbackKJLOXejTKw==
  dependencies:
    "@ethersproject/bytes" "^5.0.0"
    "@ethersproject/logger" "^5.0.0"
    hash.js "1.1.3"

"@ethersproject/signing-key@^5.0.0":
  version "5.0.2"
  resolved "https://registry.yarnpkg.com/@ethersproject/signing-key/-/signing-key-5.0.2.tgz#ca3cff00d92220fcf7d124e03a139182d627cff3"
  integrity sha512-kgpCdtgoLoKXJTwJPw3ggRW7EO93YCQ98zY8hBpIb4OK3FxFCR3UUjlrGEwjMnLHDjFrxpKCeJagGWf477RyMQ==
  dependencies:
    "@ethersproject/bytes" "^5.0.0"
    "@ethersproject/logger" "^5.0.0"
    "@ethersproject/properties" "^5.0.0"
    elliptic "6.5.3"

"@ethersproject/solidity@^5.0.0":
  version "5.0.1"
  resolved "https://registry.yarnpkg.com/@ethersproject/solidity/-/solidity-5.0.1.tgz#df561603ba1c420e2ea309fca746698c55710a6d"
  integrity sha512-3L+xI1LaJmd2zBJxnK9Y4cd1vb2aJLFvL6fxvjWpzcMiFiZ4dbPwj3kharv5f5mAlbGwAs6NiPJaFWvbOpm96Q==
  dependencies:
    "@ethersproject/bignumber" "^5.0.0"
    "@ethersproject/bytes" "^5.0.0"
    "@ethersproject/keccak256" "^5.0.0"
    "@ethersproject/sha2" "^5.0.0"
    "@ethersproject/strings" "^5.0.0"

"@ethersproject/strings@^5.0.0":
  version "5.0.1"
  resolved "https://registry.yarnpkg.com/@ethersproject/strings/-/strings-5.0.1.tgz#a93aafeede100c4aad7f48e25aad1ddc42eeccc7"
  integrity sha512-N8LxdHGBT7GZdogkEOV5xKXYTz5PNHuNzcxLNPYfH3kpvWSyXshZBgAz8YE1a8sMZagGj+Ic6d3mHijdCTSkGA==
  dependencies:
    "@ethersproject/bytes" "^5.0.0"
    "@ethersproject/constants" "^5.0.0"
    "@ethersproject/logger" "^5.0.0"

"@ethersproject/transactions@^5.0.0":
  version "5.0.1"
  resolved "https://registry.yarnpkg.com/@ethersproject/transactions/-/transactions-5.0.1.tgz#61480dc600f4a49eb99627778e3b46b381f8bdd9"
  integrity sha512-IGc6/5hri3PrqR/ZCj89osDiq3Lt0CSrycn6vlRl8SjpBKYDdcT+Ru5xkeC7YcsnqcdBmTL+jyR3SLudU+x2Kw==
  dependencies:
    "@ethersproject/address" "^5.0.0"
    "@ethersproject/bignumber" "^5.0.0"
    "@ethersproject/bytes" "^5.0.0"
    "@ethersproject/constants" "^5.0.0"
    "@ethersproject/keccak256" "^5.0.0"
    "@ethersproject/logger" "^5.0.0"
    "@ethersproject/properties" "^5.0.0"
    "@ethersproject/rlp" "^5.0.0"
    "@ethersproject/signing-key" "^5.0.0"

"@ethersproject/units@^5.0.0":
  version "5.0.1"
  resolved "https://registry.yarnpkg.com/@ethersproject/units/-/units-5.0.1.tgz#f9fd97d0bfa0c23d55084b428053a29b42082a1f"
  integrity sha512-7J7Jmm4hMZ+yFiqEd7D5oeVK/V74GDwQlT0Om1yxXLYX6UPcV5ChHkUz/xpHPT9JXQlQ+2D69HBf1dzvdflrmQ==
  dependencies:
    "@ethersproject/bignumber" "^5.0.0"
    "@ethersproject/constants" "^5.0.0"
    "@ethersproject/logger" "^5.0.0"

"@ethersproject/wallet@^5.0.0":
  version "5.0.1"
  resolved "https://registry.yarnpkg.com/@ethersproject/wallet/-/wallet-5.0.1.tgz#595077365c674654e90d3884594a86d70ba07e7e"
  integrity sha512-1/QPpFngJtUGtdVOLSoIN3vf+zEWyEVxQ0lhRCwGkiBqL2SoVoDHB7/nCfcv7wwlZkdnegFfo/8DxeyYjTZN7w==
  dependencies:
    "@ethersproject/abstract-provider" "^5.0.0"
    "@ethersproject/abstract-signer" "^5.0.0"
    "@ethersproject/address" "^5.0.0"
    "@ethersproject/bignumber" "^5.0.0"
    "@ethersproject/bytes" "^5.0.0"
    "@ethersproject/hash" "^5.0.0"
    "@ethersproject/hdnode" "^5.0.0"
    "@ethersproject/json-wallets" "^5.0.0"
    "@ethersproject/keccak256" "^5.0.0"
    "@ethersproject/logger" "^5.0.0"
    "@ethersproject/properties" "^5.0.0"
    "@ethersproject/random" "^5.0.0"
    "@ethersproject/signing-key" "^5.0.0"
    "@ethersproject/transactions" "^5.0.0"
    "@ethersproject/wordlists" "^5.0.0"

"@ethersproject/web@^5.0.0":
  version "5.0.1"
  resolved "https://registry.yarnpkg.com/@ethersproject/web/-/web-5.0.1.tgz#b741096b5ad9465a1148b7dba8988c1da16f592a"
  integrity sha512-lWPg8BR6KoyiIKYRIM6j+XO9bT9vGM1JnxFj2HmhIvOrOjba7ZRd8ANBOsDVGfw5igLUdfqAUOf9WpSsH//TzA==
  dependencies:
    "@ethersproject/base64" "^5.0.0"
    "@ethersproject/logger" "^5.0.0"
    "@ethersproject/properties" "^5.0.0"
    "@ethersproject/strings" "^5.0.0"

"@ethersproject/wordlists@^5.0.0":
  version "5.0.1"
  resolved "https://registry.yarnpkg.com/@ethersproject/wordlists/-/wordlists-5.0.1.tgz#4b1ef0894665fc8e7898235d3aa155f1724efa75"
  integrity sha512-R7boLmpewucz5v4jD7cWwI0BGHR/DstiZtjdhUOft6XdMqM1OGb1UTL0GBQeS4vDXzCLuJEHddjJ69beGVN/4Q==
  dependencies:
    "@ethersproject/bytes" "^5.0.0"
    "@ethersproject/hash" "^5.0.0"
    "@ethersproject/logger" "^5.0.0"
    "@ethersproject/properties" "^5.0.0"
    "@ethersproject/strings" "^5.0.0"

"@urql/core@^1.11.7":
  version "1.12.2"
  resolved "https://registry.yarnpkg.com/@urql/core/-/core-1.12.2.tgz#88c031dc0e39da412964b05ae8e89c634fca0220"
  integrity sha512-GGG9fzDRscuLdYVpJSTOfTPLHHEXadrUI/LNZ0vAIXrof5whWL8Nyxc2x2EhilrajZ+7DgZUuT+nuiVF4/Z7fA==
  dependencies:
    wonka "^4.0.14"

accepts@~1.3.7:
  version "1.3.7"
  resolved "https://registry.yarnpkg.com/accepts/-/accepts-1.3.7.tgz#531bc726517a3b2b41f850021c6cc15eaab507cd"
  integrity sha512-Il80Qs2WjYlJIBNzNkK6KYqlVMTbZLXgHx2oT0pU/fjRHyEp+PEfEPY0R3WCwAGVOtauxh1hOxNgIf5bv7dQpA==
  dependencies:
    mime-types "~2.1.24"
    negotiator "0.6.2"

aes-js@3.0.0:
  version "3.0.0"
  resolved "https://registry.yarnpkg.com/aes-js/-/aes-js-3.0.0.tgz#e21df10ad6c2053295bcbb8dab40b09dbea87e4d"
  integrity sha1-4h3xCtbCBTKVvLuNq0Cwnb6ofk0=

array-flatten@1.1.1:
  version "1.1.1"
  resolved "https://registry.yarnpkg.com/array-flatten/-/array-flatten-1.1.1.tgz#9a5f699051b1e7073328f2a008968b64ea2955d2"
  integrity sha1-ml9pkFGx5wczKPKgCJaLZOopVdI=

async-limiter@~1.0.0:
  version "1.0.1"
  resolved "https://registry.yarnpkg.com/async-limiter/-/async-limiter-1.0.1.tgz#dd379e94f0db8310b08291f9d64c3209766617fd"
  integrity sha512-csOlWGAcRFJaI6m+F2WKdnMKr4HhdhFVBk0H/QbJFMCr+uO2kwohwXQPxw/9OCxp05r5ghVBFSyioixx3gfkNQ==

backo2@^1.0.2:
  version "1.0.2"
  resolved "https://registry.yarnpkg.com/backo2/-/backo2-1.0.2.tgz#31ab1ac8b129363463e35b3ebb69f4dfcfba7947"
  integrity sha1-MasayLEpNjRj41s+u2n038+6eUc=

bn.js@^4.4.0:
  version "4.11.9"
  resolved "https://registry.yarnpkg.com/bn.js/-/bn.js-4.11.9.tgz#26d556829458f9d1e81fc48952493d0ba3507828"
  integrity sha512-E6QoYqCKZfgatHTdHzs1RRKP7ip4vvm+EyRUeE2RF0NblwVvb0p6jSVeNTOFxPn26QXN2o6SMfNxKp6kU8zQaw==

body-parser@1.19.0:
  version "1.19.0"
  resolved "https://registry.yarnpkg.com/body-parser/-/body-parser-1.19.0.tgz#96b2709e57c9c4e09a6fd66a8fd979844f69f08a"
  integrity sha512-dhEPs72UPbDnAQJ9ZKMNTP6ptJaionhP5cBb541nXPlW60Jepo9RV/a4fX4XWW9CuFNK22krhrj1+rgzifNCsw==
  dependencies:
    bytes "3.1.0"
    content-type "~1.0.4"
    debug "2.6.9"
    depd "~1.1.2"
    http-errors "1.7.2"
    iconv-lite "0.4.24"
    on-finished "~2.3.0"
    qs "6.7.0"
    raw-body "2.4.0"
    type-is "~1.6.17"

brorand@^1.0.1:
  version "1.1.0"
  resolved "https://registry.yarnpkg.com/brorand/-/brorand-1.1.0.tgz#12c25efe40a45e3c323eb8675a0a0ce57b22371f"
  integrity sha1-EsJe/kCkXjwyPrhnWgoM5XsiNx8=

bytes@3.1.0:
  version "3.1.0"
  resolved "https://registry.yarnpkg.com/bytes/-/bytes-3.1.0.tgz#f6cf7933a360e0588fa9fde85651cdc7f805d1f6"
  integrity sha512-zauLjrfCG+xvoyaqLoV8bLVXXNGC4JqlxFCutSDWA6fJrTo2ZuvLYTqZ7aHBLZSMOopbzwv8f+wZcVzfVTI2Dg==

content-disposition@0.5.3:
  version "0.5.3"
  resolved "https://registry.yarnpkg.com/content-disposition/-/content-disposition-0.5.3.tgz#e130caf7e7279087c5616c2007d0485698984fbd"
  integrity sha512-ExO0774ikEObIAEV9kDo50o+79VCUdEB6n6lzKgGwupcVeRlhrj3qGAfwq8G6uBJjkqLrhT0qEYFcWng8z1z0g==
  dependencies:
    safe-buffer "5.1.2"

content-type@~1.0.4:
  version "1.0.4"
  resolved "https://registry.yarnpkg.com/content-type/-/content-type-1.0.4.tgz#e138cc75e040c727b1966fe5e5f8c9aee256fe3b"
  integrity sha512-hIP3EEPs8tB9AT1L+NUqtwOAps4mk2Zob89MWXMHjHWg9milF/j4osnnQLXBCBFBk/tvIG/tUc9mOUJiPBhPXA==

cookie-signature@1.0.6:
  version "1.0.6"
  resolved "https://registry.yarnpkg.com/cookie-signature/-/cookie-signature-1.0.6.tgz#e303a882b342cc3ee8ca513a79999734dab3ae2c"
  integrity sha1-4wOogrNCzD7oylE6eZmXNNqzriw=

cookie@0.4.0:
  version "0.4.0"
  resolved "https://registry.yarnpkg.com/cookie/-/cookie-0.4.0.tgz#beb437e7022b3b6d49019d088665303ebe9c14ba"
  integrity sha512-+Hp8fLp57wnUSt0tY0tHEXh4voZRDnoIrZPqlo3DPiI4y9lwg/jqx+1Om94/W6ZaPDOUbnjOt/99w66zk+l1Xg==

date-fns@2.0.0-alpha.22:
  version "2.0.0-alpha.22"
  resolved "https://registry.yarnpkg.com/date-fns/-/date-fns-2.0.0-alpha.22.tgz#c65f5dd7e959c59f8ea5591e458afc76a2a0d8d0"
  integrity sha512-ovlz0I0OFhyn9bgTfqFAUvJvo8VS9mUuOxZ6cwKwBjSx42lMpXPGolcINYZoTNAG2M4YJ3QoApiQQljQEuy/Uw==

dayjs@^1.8.28:
  version "1.8.29"
  resolved "https://registry.yarnpkg.com/dayjs/-/dayjs-1.8.29.tgz#5d23e341de6bfbd206c01136d2fb0f01877820f5"
  integrity sha512-Vm6teig8ZWK7rH/lxzVGxZJCljPdmUr6q/3f4fr5F0VWNGVkZEjZOQJsAN8hUHUqn+NK4XHNEpJZS1MwLyDcLw==

debug@2.6.9:
  version "2.6.9"
  resolved "https://registry.yarnpkg.com/debug/-/debug-2.6.9.tgz#5d128515df134ff327e90a4c93f4e077a536341f"
  integrity sha512-bC7ElrdJaJnPbAP+1EotYvqZsb3ecl5wi6Bfi6BJTUcNowp6cvspg0jXznRTKDjm/E7AdgFBVeAPVMNcKGsHMA==
  dependencies:
    ms "2.0.0"

depd@~1.1.2:
  version "1.1.2"
  resolved "https://registry.yarnpkg.com/depd/-/depd-1.1.2.tgz#9bcd52e14c097763e749b274c4346ed2e560b5a9"
  integrity sha1-m81S4UwJd2PnSbJ0xDRu0uVgtak=

destroy@~1.0.4:
  version "1.0.4"
  resolved "https://registry.yarnpkg.com/destroy/-/destroy-1.0.4.tgz#978857442c44749e4206613e37946205826abd80"
  integrity sha1-l4hXRCxEdJ5CBmE+N5RiBYJqvYA=

ee-first@1.1.1:
  version "1.1.1"
  resolved "https://registry.yarnpkg.com/ee-first/-/ee-first-1.1.1.tgz#590c61156b0ae2f4f0255732a158b266bc56b21d"
  integrity sha1-WQxhFWsK4vTwJVcyoViyZrxWsh0=

elliptic@6.5.3:
  version "6.5.3"
  resolved "https://registry.yarnpkg.com/elliptic/-/elliptic-6.5.3.tgz#cb59eb2efdaf73a0bd78ccd7015a62ad6e0f93d6"
  integrity sha512-IMqzv5wNQf+E6aHeIqATs0tOLeOTwj1QKbRcS3jBbYkl5oLAserA8yJTT7/VyHUYG91PRmPyeQDObKLPpeS4dw==
  dependencies:
    bn.js "^4.4.0"
    brorand "^1.0.1"
    hash.js "^1.0.0"
    hmac-drbg "^1.0.0"
    inherits "^2.0.1"
    minimalistic-assert "^1.0.0"
    minimalistic-crypto-utils "^1.0.0"

encodeurl@~1.0.2:
  version "1.0.2"
  resolved "https://registry.yarnpkg.com/encodeurl/-/encodeurl-1.0.2.tgz#ad3ff4c86ec2d029322f5a02c3a9a606c95b3f59"
  integrity sha1-rT/0yG7C0CkyL1oCw6mmBslbP1k=

escape-html@~1.0.3:
  version "1.0.3"
  resolved "https://registry.yarnpkg.com/escape-html/-/escape-html-1.0.3.tgz#0258eae4d3d0c0974de1c169188ef0051d1d1988"
  integrity sha1-Aljq5NPQwJdN4cFpGI7wBR0dGYg=

etag@~1.8.1:
  version "1.8.1"
  resolved "https://registry.yarnpkg.com/etag/-/etag-1.8.1.tgz#41ae2eeb65efa62268aebfea83ac7d79299b0887"
  integrity sha1-Qa4u62XvpiJorr/qg6x9eSmbCIc=

ethers@^5.0.0, ethers@^5.0.0-beta.190:
  version "5.0.5"
  resolved "https://registry.yarnpkg.com/ethers/-/ethers-5.0.5.tgz#09b37c27d3b7d93c084af7ec4cad72ca8cfa5b7a"
  integrity sha512-hkVI7fi16ADWTctYMEfamU39hoR+JpkdEI7LH8PC7Bhl0Dp8y8dqFJ948pSEuuPJI5NR/L4+V6y2Alvyu+zROw==
  dependencies:
    "@ethersproject/abi" "^5.0.0"
    "@ethersproject/abstract-provider" "^5.0.0"
    "@ethersproject/abstract-signer" "^5.0.0"
    "@ethersproject/address" "^5.0.0"
    "@ethersproject/base64" "^5.0.0"
    "@ethersproject/bignumber" "^5.0.0"
    "@ethersproject/bytes" "^5.0.0"
    "@ethersproject/constants" "^5.0.0"
    "@ethersproject/contracts" "^5.0.0"
    "@ethersproject/hash" "^5.0.0"
    "@ethersproject/hdnode" "^5.0.0"
    "@ethersproject/json-wallets" "^5.0.0"
    "@ethersproject/keccak256" "^5.0.0"
    "@ethersproject/logger" "^5.0.0"
    "@ethersproject/networks" "^5.0.0"
    "@ethersproject/pbkdf2" "^5.0.0"
    "@ethersproject/properties" "^5.0.0"
    "@ethersproject/providers" "^5.0.0"
    "@ethersproject/random" "^5.0.0"
    "@ethersproject/rlp" "^5.0.0"
    "@ethersproject/sha2" "^5.0.0"
    "@ethersproject/signing-key" "^5.0.0"
    "@ethersproject/solidity" "^5.0.0"
    "@ethersproject/strings" "^5.0.0"
    "@ethersproject/transactions" "^5.0.0"
    "@ethersproject/units" "^5.0.0"
    "@ethersproject/wallet" "^5.0.0"
    "@ethersproject/web" "^5.0.0"
    "@ethersproject/wordlists" "^5.0.0"

eventemitter3@^3.1.0:
  version "3.1.2"
  resolved "https://registry.yarnpkg.com/eventemitter3/-/eventemitter3-3.1.2.tgz#2d3d48f9c346698fce83a85d7d664e98535df6e7"
  integrity sha512-tvtQIeLVHjDkJYnzf2dgVMxfuSGJeM/7UCG17TT4EumTfNtF+0nebF/4zWOIkCreAbtNqhGEboB6BWrwqNaw4Q==

express@^4.17.1:
  version "4.17.1"
  resolved "https://registry.yarnpkg.com/express/-/express-4.17.1.tgz#4491fc38605cf51f8629d39c2b5d026f98a4c134"
  integrity sha512-mHJ9O79RqluphRrcw2X/GTh3k9tVv8YcoyY4Kkh4WDMUYKRZUq0h1o0w2rrrxBqM7VoeUVqgb27xlEMXTnYt4g==
  dependencies:
    accepts "~1.3.7"
    array-flatten "1.1.1"
    body-parser "1.19.0"
    content-disposition "0.5.3"
    content-type "~1.0.4"
    cookie "0.4.0"
    cookie-signature "1.0.6"
    debug "2.6.9"
    depd "~1.1.2"
    encodeurl "~1.0.2"
    escape-html "~1.0.3"
    etag "~1.8.1"
    finalhandler "~1.1.2"
    fresh "0.5.2"
    merge-descriptors "1.0.1"
    methods "~1.1.2"
    on-finished "~2.3.0"
    parseurl "~1.3.3"
    path-to-regexp "0.1.7"
    proxy-addr "~2.0.5"
    qs "6.7.0"
    range-parser "~1.2.1"
    safe-buffer "5.1.2"
    send "0.17.1"
    serve-static "1.14.1"
    setprototypeof "1.1.1"
    statuses "~1.5.0"
    type-is "~1.6.18"
    utils-merge "1.0.1"
    vary "~1.1.2"

finalhandler@~1.1.2:
  version "1.1.2"
  resolved "https://registry.yarnpkg.com/finalhandler/-/finalhandler-1.1.2.tgz#b7e7d000ffd11938d0fdb053506f6ebabe9f587d"
  integrity sha512-aAWcW57uxVNrQZqFXjITpW3sIUQmHGG3qSb9mUah9MgMC4NeWhNOlNjXEYq3HjRAvL6arUviZGGJsBg6z0zsWA==
  dependencies:
    debug "2.6.9"
    encodeurl "~1.0.2"
    escape-html "~1.0.3"
    on-finished "~2.3.0"
    parseurl "~1.3.3"
    statuses "~1.5.0"
    unpipe "~1.0.0"

forwarded@~0.1.2:
  version "0.1.2"
  resolved "https://registry.yarnpkg.com/forwarded/-/forwarded-0.1.2.tgz#98c23dab1175657b8c0573e8ceccd91b0ff18c84"
  integrity sha1-mMI9qxF1ZXuMBXPozszZGw/xjIQ=

fresh@0.5.2:
  version "0.5.2"
  resolved "https://registry.yarnpkg.com/fresh/-/fresh-0.5.2.tgz#3d8cadd90d976569fa835ab1f8e4b23a105605a7"
  integrity sha1-PYyt2Q2XZWn6g1qx+OSyOhBWBac=

graphql-tag@^2.10.3:
  version "2.10.4"
  resolved "https://registry.yarnpkg.com/graphql-tag/-/graphql-tag-2.10.4.tgz#2f301a98219be8b178a6453bb7e33b79b66d8f83"
  integrity sha512-O7vG5BT3w6Sotc26ybcvLKNTdfr4GfsIVMD+LdYqXCeJIYPRyp8BIsDOUtxw7S1PYvRw5vH3278J2EDezR6mfA==

graphql@^15.0.0:
  version "15.3.0"
  resolved "https://registry.yarnpkg.com/graphql/-/graphql-15.3.0.tgz#3ad2b0caab0d110e3be4a5a9b2aa281e362b5278"
  integrity sha512-GTCJtzJmkFLWRfFJuoo9RWWa/FfamUHgiFosxi/X1Ani4AVWbeyBenZTNX6dM+7WSbbFfTo/25eh0LLkwHMw2w==

hash.js@1.1.3:
  version "1.1.3"
  resolved "https://registry.yarnpkg.com/hash.js/-/hash.js-1.1.3.tgz#340dedbe6290187151c1ea1d777a3448935df846"
  integrity sha512-/UETyP0W22QILqS+6HowevwhEFJ3MBJnwTf75Qob9Wz9t0DPuisL8kW8YZMK62dHAKE1c1p+gY1TtOLY+USEHA==
  dependencies:
    inherits "^2.0.3"
    minimalistic-assert "^1.0.0"

hash.js@^1.0.0, hash.js@^1.0.3:
  version "1.1.7"
  resolved "https://registry.yarnpkg.com/hash.js/-/hash.js-1.1.7.tgz#0babca538e8d4ee4a0f8988d68866537a003cf42"
  integrity sha512-taOaskGt4z4SOANNseOviYDvjEJinIkRgmp7LbKP2YTTmVxWBl87s/uzK9r+44BclBSp2X7K1hqeNfz9JbBeXA==
  dependencies:
    inherits "^2.0.3"
    minimalistic-assert "^1.0.1"

hmac-drbg@^1.0.0:
  version "1.0.1"
  resolved "https://registry.yarnpkg.com/hmac-drbg/-/hmac-drbg-1.0.1.tgz#d2745701025a6c775a6c545793ed502fc0c649a1"
  integrity sha1-0nRXAQJabHdabFRXk+1QL8DGSaE=
  dependencies:
    hash.js "^1.0.3"
    minimalistic-assert "^1.0.0"
    minimalistic-crypto-utils "^1.0.1"

http-errors@1.7.2:
  version "1.7.2"
  resolved "https://registry.yarnpkg.com/http-errors/-/http-errors-1.7.2.tgz#4f5029cf13239f31036e5b2e55292bcfbcc85c8f"
  integrity sha512-uUQBt3H/cSIVfch6i1EuPNy/YsRSOUBXTVfZ+yR7Zjez3qjBz6i9+i4zjNaoqcoFVI4lQJ5plg63TvGfRSDCRg==
  dependencies:
    depd "~1.1.2"
    inherits "2.0.3"
    setprototypeof "1.1.1"
    statuses ">= 1.5.0 < 2"
    toidentifier "1.0.0"

http-errors@~1.7.2:
  version "1.7.3"
  resolved "https://registry.yarnpkg.com/http-errors/-/http-errors-1.7.3.tgz#6c619e4f9c60308c38519498c14fbb10aacebb06"
  integrity sha512-ZTTX0MWrsQ2ZAhA1cejAwDLycFsd7I7nVtnkT3Ol0aqodaKW+0CTZDQ1uBv5whptCnc8e8HeRRJxRs0kmm/Qfw==
  dependencies:
    depd "~1.1.2"
    inherits "2.0.4"
    setprototypeof "1.1.1"
    statuses ">= 1.5.0 < 2"
    toidentifier "1.0.0"

iconv-lite@0.4.24:
  version "0.4.24"
  resolved "https://registry.yarnpkg.com/iconv-lite/-/iconv-lite-0.4.24.tgz#2022b4b25fbddc21d2f524974a474aafe733908b"
  integrity sha512-v3MXnZAcvnywkTUEZomIActle7RXXeedOR31wwl7VlyoXO4Qi9arvSenNQWne1TcRwhCL1HwLI21bEqdpj8/rA==
  dependencies:
    safer-buffer ">= 2.1.2 < 3"

inherits@2.0.3:
  version "2.0.3"
  resolved "https://registry.yarnpkg.com/inherits/-/inherits-2.0.3.tgz#633c2c83e3da42a502f52466022480f4208261de"
  integrity sha1-Yzwsg+PaQqUC9SRmAiSA9CCCYd4=

inherits@2.0.4, inherits@^2.0.1, inherits@^2.0.3:
  version "2.0.4"
  resolved "https://registry.yarnpkg.com/inherits/-/inherits-2.0.4.tgz#0fa2c64f932917c3433a0ded55363aae37416b7c"
  integrity sha512-k/vGaX4/Yla3WzyMCvTQOXYeIHvqOKtnqBduzTHpzpQZzAskKMhZ2K+EnBiSM9zGSoIFeMpXKxa4dYeZIQqewQ==

ipaddr.js@1.9.1:
  version "1.9.1"
  resolved "https://registry.yarnpkg.com/ipaddr.js/-/ipaddr.js-1.9.1.tgz#bff38543eeb8984825079ff3a2a8e6cbd46781b3"
  integrity sha512-0KI/607xoxSToH7GjN1FfSbLoU0+btTicjsQSWQlh/hZykN8KpmMf7uYwPW3R+akZ6R/w18ZlXSHBYXiYUPO3g==

isomorphic-unfetch@^3.0.0:
  version "3.0.0"
  resolved "https://registry.yarnpkg.com/isomorphic-unfetch/-/isomorphic-unfetch-3.0.0.tgz#de6d80abde487b17de2c400a7ef9e5ecc2efb362"
  integrity sha512-V0tmJSYfkKokZ5mgl0cmfQMTb7MLHsBMngTkbLY0eXvKqiVRRoZP04Ly+KhKrJfKtzC9E6Pp15Jo+bwh7Vi2XQ==
  dependencies:
    node-fetch "^2.2.0"
    unfetch "^4.0.0"

isomorphic-ws@^4.0.1:
  version "4.0.1"
  resolved "https://registry.yarnpkg.com/isomorphic-ws/-/isomorphic-ws-4.0.1.tgz#55fd4cd6c5e6491e76dc125938dd863f5cd4f2dc"
  integrity sha512-BhBvN2MBpWTaSHdWRb/bwdZJ1WaehQ2L1KngkCkfLUGF0mAWAT1sQUQacEmQ0jXkFw/czDXPNQSL5u2/Krsz1w==

iterall@^1.2.1:
  version "1.3.0"
  resolved "https://registry.yarnpkg.com/iterall/-/iterall-1.3.0.tgz#afcb08492e2915cbd8a0884eb93a8c94d0d72fea"
  integrity sha512-QZ9qOMdF+QLHxy1QIpUHUU1D5pS2CG2P69LF6L6CPjPYA/XMOmKV3PZpawHoAjHNyB0swdVTRxdYT4tbBbxqwg==

js-sha3@0.5.7:
  version "0.5.7"
  resolved "https://registry.yarnpkg.com/js-sha3/-/js-sha3-0.5.7.tgz#0d4ffd8002d5333aabaf4a23eed2f6374c9f28e7"
  integrity sha1-DU/9gALVMzqrr0oj7tL2N0yfKOc=

media-typer@0.3.0:
  version "0.3.0"
  resolved "https://registry.yarnpkg.com/media-typer/-/media-typer-0.3.0.tgz#8710d7af0aa626f8fffa1ce00168545263255748"
  integrity sha1-hxDXrwqmJvj/+hzgAWhUUmMlV0g=

merge-descriptors@1.0.1:
  version "1.0.1"
  resolved "https://registry.yarnpkg.com/merge-descriptors/-/merge-descriptors-1.0.1.tgz#b00aaa556dd8b44568150ec9d1b953f3f90cbb61"
  integrity sha1-sAqqVW3YtEVoFQ7J0blT8/kMu2E=

methods@~1.1.2:
  version "1.1.2"
  resolved "https://registry.yarnpkg.com/methods/-/methods-1.1.2.tgz#5529a4d67654134edcc5266656835b0f851afcee"
  integrity sha1-VSmk1nZUE07cxSZmVoNbD4Ua/O4=

mime-db@1.44.0:
  version "1.44.0"
  resolved "https://registry.yarnpkg.com/mime-db/-/mime-db-1.44.0.tgz#fa11c5eb0aca1334b4233cb4d52f10c5a6272f92"
  integrity sha512-/NOTfLrsPBVeH7YtFPgsVWveuL+4SjjYxaQ1xtM1KMFj7HdxlBlxeyNLzhyJVx7r4rZGJAZ/6lkKCitSc/Nmpg==

mime-types@~2.1.24:
  version "2.1.27"
  resolved "https://registry.yarnpkg.com/mime-types/-/mime-types-2.1.27.tgz#47949f98e279ea53119f5722e0f34e529bec009f"
  integrity sha512-JIhqnCasI9yD+SsmkquHBxTSEuZdQX5BuQnS2Vc7puQQQ+8yiP5AY5uWhpdv4YL4VM5c6iliiYWPgJ/nJQLp7w==
  dependencies:
    mime-db "1.44.0"

mime@1.6.0:
  version "1.6.0"
  resolved "https://registry.yarnpkg.com/mime/-/mime-1.6.0.tgz#32cd9e5c64553bd58d19a568af452acff04981b1"
  integrity sha512-x0Vn8spI+wuJ1O6S7gnbaQg8Pxh4NNHb7KSINmEWKiPE4RKOplvijn+NkmYmmRgP68mc70j2EbeTFRsrswaQeg==

minimalistic-assert@^1.0.0, minimalistic-assert@^1.0.1:
  version "1.0.1"
  resolved "https://registry.yarnpkg.com/minimalistic-assert/-/minimalistic-assert-1.0.1.tgz#2e194de044626d4a10e7f7fbc00ce73e83e4d5c7"
  integrity sha512-UtJcAD4yEaGtjPezWuO9wC4nwUnVH/8/Im3yEHQP4b67cXlD/Qr9hdITCU1xDbSEXg2XKNaP8jsReV7vQd00/A==

minimalistic-crypto-utils@^1.0.0, minimalistic-crypto-utils@^1.0.1:
  version "1.0.1"
  resolved "https://registry.yarnpkg.com/minimalistic-crypto-utils/-/minimalistic-crypto-utils-1.0.1.tgz#f6c00c1c0b082246e5c4d99dfb8c7c083b2b582a"
  integrity sha1-9sAMHAsIIkblxNmd+4x8CDsrWCo=

ms@2.0.0:
  version "2.0.0"
  resolved "https://registry.yarnpkg.com/ms/-/ms-2.0.0.tgz#5608aeadfc00be6c2901df5f9861788de0d597c8"
  integrity sha1-VgiurfwAvmwpAd9fmGF4jeDVl8g=

ms@2.1.1:
  version "2.1.1"
  resolved "https://registry.yarnpkg.com/ms/-/ms-2.1.1.tgz#30a5864eb3ebb0a66f2ebe6d727af06a09d86e0a"
  integrity sha512-tgp+dl5cGk28utYktBsrFqA7HKgrhgPsg6Z/EfhWI4gl1Hwq8B/GmY/0oXZ6nF8hDVesS/FpnYaD/kOWhYQvyg==

negotiator@0.6.2:
  version "0.6.2"
  resolved "https://registry.yarnpkg.com/negotiator/-/negotiator-0.6.2.tgz#feacf7ccf525a77ae9634436a64883ffeca346fb"
  integrity sha512-hZXc7K2e+PgeI1eDBe/10Ard4ekbfrrqG8Ep+8Jmf4JID2bNg7NvCPOZN+kfF574pFQI7mum2AUqDidoKqcTOw==

node-fetch@^2.2.0:
  version "2.6.0"
  resolved "https://registry.yarnpkg.com/node-fetch/-/node-fetch-2.6.0.tgz#e633456386d4aa55863f676a7ab0daa8fdecb0fd"
  integrity sha512-8dG4H5ujfvFiqDmVu9fQ5bOHUC15JMjMY/Zumv26oOvvVJjM67KF8koCWIabKQ1GJIa9r2mMZscBq/TbdOcmNA==

on-finished@~2.3.0:
  version "2.3.0"
  resolved "https://registry.yarnpkg.com/on-finished/-/on-finished-2.3.0.tgz#20f1336481b083cd75337992a16971aa2d906947"
  integrity sha1-IPEzZIGwg811M3mSoWlxqi2QaUc=
  dependencies:
    ee-first "1.1.1"

parseurl@~1.3.3:
  version "1.3.3"
  resolved "https://registry.yarnpkg.com/parseurl/-/parseurl-1.3.3.tgz#9da19e7bee8d12dff0513ed5b76957793bc2e8d4"
  integrity sha512-CiyeOxFT/JZyN5m0z9PfXw4SCBJ6Sygz1Dpl0wqjlhDEGGBP1GnsUVEL0p63hoG1fcj3fHynXi9NYO4nWOL+qQ==

path-to-regexp@0.1.7:
  version "0.1.7"
  resolved "https://registry.yarnpkg.com/path-to-regexp/-/path-to-regexp-0.1.7.tgz#df604178005f522f15eb4490e7247a1bfaa67f8c"
  integrity sha1-32BBeABfUi8V60SQ5yR6G/qmf4w=

proxy-addr@~2.0.5:
  version "2.0.6"
  resolved "https://registry.yarnpkg.com/proxy-addr/-/proxy-addr-2.0.6.tgz#fdc2336505447d3f2f2c638ed272caf614bbb2bf"
  integrity sha512-dh/frvCBVmSsDYzw6n926jv974gddhkFPfiN8hPOi30Wax25QZyZEGveluCgliBnqmuM+UJmBErbAUFIoDbjOw==
  dependencies:
    forwarded "~0.1.2"
    ipaddr.js "1.9.1"

qs@6.7.0:
  version "6.7.0"
  resolved "https://registry.yarnpkg.com/qs/-/qs-6.7.0.tgz#41dc1a015e3d581f1621776be31afb2876a9b1bc"
  integrity sha512-VCdBRNFTX1fyE7Nb6FYoURo/SPe62QCaAyzJvUjwRaIsc+NePBEniHlvxFmmX56+HZphIGtV0XeCirBtpDrTyQ==

radspec@^2.0.0-rc.1:
  version "2.0.0-rc.1"
  resolved "https://registry.yarnpkg.com/radspec/-/radspec-2.0.0-rc.1.tgz#3688e2312bd2497f5748d58a87daeb2c33a4f98e"
  integrity sha512-asIPa/FOJwqYLVuo14PlVcBy4WyFta3vhkUafVxQkInSF98UmZLbgBAII9jzTPqE61o0lT2wgWJBVfWqAoKJyQ==
  dependencies:
    "@babel/runtime" "^7.1.2"
    date-fns "2.0.0-alpha.22"
    dayjs "^1.8.28"
    ethers "^5.0.0-beta.190"

range-parser@~1.2.1:
  version "1.2.1"
  resolved "https://registry.yarnpkg.com/range-parser/-/range-parser-1.2.1.tgz#3cf37023d199e1c24d1a55b84800c2f3e6468031"
  integrity sha512-Hrgsx+orqoygnmhFbKaHE6c296J+HTAQXoxEF6gNupROmmGJRoyzfG3ccAveqCBrwr/2yxQ5BVd/GTl5agOwSg==

raw-body@2.4.0:
  version "2.4.0"
  resolved "https://registry.yarnpkg.com/raw-body/-/raw-body-2.4.0.tgz#a1ce6fb9c9bc356ca52e89256ab59059e13d0332"
  integrity sha512-4Oz8DUIwdvoa5qMJelxipzi/iJIi40O5cGV1wNYp5hvZP8ZN0T+jiNkL0QepXs+EsQ9XJ8ipEDoiH70ySUJP3Q==
  dependencies:
    bytes "3.1.0"
    http-errors "1.7.2"
    iconv-lite "0.4.24"
    unpipe "1.0.0"

regenerator-runtime@^0.13.4:
  version "0.13.5"
  resolved "https://registry.yarnpkg.com/regenerator-runtime/-/regenerator-runtime-0.13.5.tgz#d878a1d094b4306d10b9096484b33ebd55e26697"
  integrity sha512-ZS5w8CpKFinUzOwW3c83oPeVXoNsrLsaCoLtJvAClH135j/R77RuymhiSErhm2lKcwSCIpmvIWSbDkIfAqKQlA==

safe-buffer@5.1.2:
  version "5.1.2"
  resolved "https://registry.yarnpkg.com/safe-buffer/-/safe-buffer-5.1.2.tgz#991ec69d296e0313747d59bdfd2b745c35f8828d"
  integrity sha512-Gd2UZBJDkXlY7GbJxfsE8/nvKkUEU1G38c1siN6QP6a9PT9MmHB8GnpscSmMJSoF8LOIrt8ud/wPtojys4G6+g==

"safer-buffer@>= 2.1.2 < 3":
  version "2.1.2"
  resolved "https://registry.yarnpkg.com/safer-buffer/-/safer-buffer-2.1.2.tgz#44fa161b0187b9549dd84bb91802f9bd8385cd6a"
  integrity sha512-YZo3K82SD7Riyi0E1EQPojLz7kpepnSQI9IyPbHHg1XXXevb5dJI7tpyN2ADxGcQbHG7vcyRHk0cbwqcQriUtg==

scrypt-js@3.0.1:
  version "3.0.1"
  resolved "https://registry.yarnpkg.com/scrypt-js/-/scrypt-js-3.0.1.tgz#d314a57c2aef69d1ad98a138a21fe9eafa9ee312"
  integrity sha512-cdwTTnqPu0Hyvf5in5asVdZocVDTNRmR7XEcJuIzMjJeSHybHl7vpB66AzwTaIg6CLSbtjcxc8fqcySfnTkccA==

send@0.17.1:
  version "0.17.1"
  resolved "https://registry.yarnpkg.com/send/-/send-0.17.1.tgz#c1d8b059f7900f7466dd4938bdc44e11ddb376c8"
  integrity sha512-BsVKsiGcQMFwT8UxypobUKyv7irCNRHk1T0G680vk88yf6LBByGcZJOTJCrTP2xVN6yI+XjPJcNuE3V4fT9sAg==
  dependencies:
    debug "2.6.9"
    depd "~1.1.2"
    destroy "~1.0.4"
    encodeurl "~1.0.2"
    escape-html "~1.0.3"
    etag "~1.8.1"
    fresh "0.5.2"
    http-errors "~1.7.2"
    mime "1.6.0"
    ms "2.1.1"
    on-finished "~2.3.0"
    range-parser "~1.2.1"
    statuses "~1.5.0"

serve-static@1.14.1:
  version "1.14.1"
  resolved "https://registry.yarnpkg.com/serve-static/-/serve-static-1.14.1.tgz#666e636dc4f010f7ef29970a88a674320898b2f9"
  integrity sha512-JMrvUwE54emCYWlTI+hGrGv5I8dEwmco/00EvkzIIsR7MqrHonbD9pO2MOfFnpFntl7ecpZs+3mW+XbQZu9QCg==
  dependencies:
    encodeurl "~1.0.2"
    escape-html "~1.0.3"
    parseurl "~1.3.3"
    send "0.17.1"

setprototypeof@1.1.1:
  version "1.1.1"
  resolved "https://registry.yarnpkg.com/setprototypeof/-/setprototypeof-1.1.1.tgz#7e95acb24aa92f5885e0abef5ba131330d4ae683"
  integrity sha512-JvdAWfbXeIGaZ9cILp38HntZSFSo3mWg6xGcJJsd+d4aRMOqauag1C63dJfDw7OaMYwEbHMOxEZ1lqVRYP2OAw==

"statuses@>= 1.5.0 < 2", statuses@~1.5.0:
  version "1.5.0"
  resolved "https://registry.yarnpkg.com/statuses/-/statuses-1.5.0.tgz#161c7dac177659fd9811f43771fa99381478628c"
  integrity sha1-Fhx9rBd2Wf2YEfQ3cfqZOBR4Yow=

subscriptions-transport-ws@^0.9.16:
  version "0.9.17"
  resolved "https://registry.yarnpkg.com/subscriptions-transport-ws/-/subscriptions-transport-ws-0.9.17.tgz#e30e40f0caae0d2781903c01a8cb51b6e2682098"
  integrity sha512-hNHi2N80PBz4T0V0QhnnsMGvG3XDFDS9mS6BhZ3R12T6EBywC8d/uJscsga0cVO4DKtXCkCRrWm2sOYrbOdhEA==
  dependencies:
    backo2 "^1.0.2"
    eventemitter3 "^3.1.0"
    iterall "^1.2.1"
    symbol-observable "^1.0.4"
    ws "^5.2.0"

symbol-observable@^1.0.4:
  version "1.2.0"
  resolved "https://registry.yarnpkg.com/symbol-observable/-/symbol-observable-1.2.0.tgz#c22688aed4eab3cdc2dfeacbb561660560a00804"
  integrity sha512-e900nM8RRtGhlV36KGEU9k65K3mPb1WV70OdjfxlG2EAuM1noi/E/BaW/uMhL7bPEssK8QV57vN3esixjUvcXQ==

toidentifier@1.0.0:
  version "1.0.0"
  resolved "https://registry.yarnpkg.com/toidentifier/-/toidentifier-1.0.0.tgz#7e1be3470f1e77948bc43d94a3c8f4d7752ba553"
  integrity sha512-yaOH/Pk/VEhBWWTlhI+qXxDFXlejDGcQipMlyxda9nthulaxLZUNcUqFxokp0vcYnvteJln5FNQDRrxj3YcbVw==

type-is@~1.6.17, type-is@~1.6.18:
  version "1.6.18"
  resolved "https://registry.yarnpkg.com/type-is/-/type-is-1.6.18.tgz#4e552cd05df09467dcbc4ef739de89f2cf37c131"
  integrity sha512-TkRKr9sUTxEH8MdfuCSP7VizJyzRNMjj2J2do2Jr3Kym598JVdEksuzPQCnlFPW4ky9Q+iA+ma9BGm06XQBy8g==
  dependencies:
    media-typer "0.3.0"
    mime-types "~2.1.24"

unfetch@^4.0.0:
  version "4.1.0"
  resolved "https://registry.yarnpkg.com/unfetch/-/unfetch-4.1.0.tgz#6ec2dd0de887e58a4dee83a050ded80ffc4137db"
  integrity sha512-crP/n3eAPUJxZXM9T80/yv0YhkTEx2K1D3h7D1AJM6fzsWZrxdyRuLN0JH/dkZh1LNH8LxCnBzoPFCPbb2iGpg==

unpipe@1.0.0, unpipe@~1.0.0:
  version "1.0.0"
  resolved "https://registry.yarnpkg.com/unpipe/-/unpipe-1.0.0.tgz#b2bf4ee8514aae6165b4817829d21b2ef49904ec"
  integrity sha1-sr9O6FFKrmFltIF4KdIbLvSZBOw=

utils-merge@1.0.1:
  version "1.0.1"
  resolved "https://registry.yarnpkg.com/utils-merge/-/utils-merge-1.0.1.tgz#9f95710f50a267947b2ccc124741c1028427e713"
  integrity sha1-n5VxD1CiZ5R7LMwSR0HBAoQn5xM=

uuid@2.0.1:
  version "2.0.1"
  resolved "https://registry.yarnpkg.com/uuid/-/uuid-2.0.1.tgz#c2a30dedb3e535d72ccf82e343941a50ba8533ac"
  integrity sha1-wqMN7bPlNdcsz4LjQ5QaULqFM6w=

vary@~1.1.2:
  version "1.1.2"
  resolved "https://registry.yarnpkg.com/vary/-/vary-1.1.2.tgz#2299f02c6ded30d4a5961b0b9f74524a18f634fc"
  integrity sha1-IpnwLG3tMNSllhsLn3RSShj2NPw=

wonka@^4.0.14:
  version "4.0.14"
  resolved "https://registry.yarnpkg.com/wonka/-/wonka-4.0.14.tgz#77d680a84e575ed15a9f975eb87d6c530488f3a4"
  integrity sha512-v9vmsTxpZjrA8CYfztbuoTQSHEsG3ZH+NCYfasHm0V3GqBupXrjuuz0RJyUaw2cRO7ouW2js0P6i853/qxlDcA==

ws@7.2.3:
  version "7.2.3"
  resolved "https://registry.yarnpkg.com/ws/-/ws-7.2.3.tgz#a5411e1fb04d5ed0efee76d26d5c46d830c39b46"
  integrity sha512-HTDl9G9hbkNDk98naoR/cHDws7+EyYMOdL1BmjsZXRUjf7d+MficC4B7HLUPlSiho0vg+CWKrGIt/VJBd1xunQ==

ws@^5.2.0:
  version "5.2.2"
  resolved "https://registry.yarnpkg.com/ws/-/ws-5.2.2.tgz#dffef14866b8e8dc9133582514d1befaf96e980f"
  integrity sha512-jaHFD6PFv6UgoIVda6qZllptQsMlDEJkTQcybzzXDYM1XO9Y8em691FGMPmM46WGyLU4z9KMgQN+qrux/nhlHA==
  dependencies:
    async-limiter "~1.0.0"
